
Microsoft Visual Studio Solution File, Format Version 12.00
# Visual Studio Version 17
VisualStudioVersion = 17.7.33927.210
MinimumVisualStudioVersion = 10.0.40219.1
Project("{FAE04EC0-301F-11D3-BF4B-00C04F79EFBC}") = "AppReact", "AppReact\AppReact.csproj", "{ADA198CF-C96F-4247-9264-77BAF6E5D01E}"
EndProject
Global
	GlobalSection(SolutionConfigurationPlatforms) = preSolution
		Debug|Any CPU = Debug|Any CPU
		Release|Any CPU = Release|Any CPU
	EndGlobalSection
	GlobalSection(ProjectConfigurationPlatforms) = postSolution
		{ADA198CF-C96F-4247-9264-77BAF6E5D01E}.Debug|Any CPU.ActiveCfg = Debug|Any CPU
		{ADA198CF-C96F-4247-9264-77BAF6E5D01E}.Debug|Any CPU.Build.0 = Debug|Any CPU
		{ADA198CF-C96F-4247-9264-77BAF6E5D01E}.Release|Any CPU.ActiveCfg = Release|Any CPU
		{ADA198CF-C96F-4247-9264-77BAF6E5D01E}.Release|Any CPU.Build.0 = Release|Any CPU
	EndGlobalSection
	GlobalSection(SolutionProperties) = preSolution
		HideSolutionNode = FALSE
	EndGlobalSection
	GlobalSection(ExtensibilityGlobals) = postSolution
		SolutionGuid = {D4940FCE-E538-4046-9FDF-059DF50E4F88}
	EndGlobalSection
EndGlobal
